
Microsoft Visual Studio Solution File, Format Version 12.00
# Visual Studio 15
VisualStudioVersion = 15.0.28307.168
MinimumVisualStudioVersion = 10.0.40219.1
Project("{FAE04EC0-301F-11D3-BF4B-00C04F79EFBC}") = "Tool", "Tool\Tool.csproj", "{635BDFFF-67BE-4CD3-B659-8DE049217020}"
EndProject
Global
	GlobalSection(SolutionConfigurationPlatforms) = preSolution
		Debug|Any CPU = Debug|Any CPU
		Release|Any CPU = Release|Any CPU
	EndGlobalSection
	GlobalSection(ProjectConfigurationPlatforms) = postSolution
		{635BDFFF-67BE-4CD3-B659-8DE049217020}.Debug|Any CPU.ActiveCfg = Debug|Any CPU
		{635BDFFF-67BE-4CD3-B659-8DE049217020}.Debug|Any CPU.Build.0 = Debug|Any CPU
		{635BDFFF-67BE-4CD3-B659-8DE049217020}.Release|Any CPU.ActiveCfg = Release|Any CPU
		{635BDFFF-67BE-4CD3-B659-8DE049217020}.Release|Any CPU.Build.0 = Release|Any CPU
	EndGlobalSection
	GlobalSection(SolutionProperties) = preSolution
		HideSolutionNode = FALSE
	EndGlobalSection
	GlobalSection(ExtensibilityGlobals) = postSolution
		SolutionGuid = {E9144EA4-CAE5-4E2D-8254-239C175B5778}
	EndGlobalSection
EndGlobal
